
Microsoft Visual Studio Solution File, Format Version 12.00
# Visual Studio Version 16
VisualStudioVersion = 16.0.31729.503
MinimumVisualStudioVersion = 10.0.40219.1
Project("{FAE04EC0-301F-11D3-BF4B-00C04F79EFBC}") = "NPF", "NPF\NPF.csproj", "{796C2DA0-E33B-4C31-A60A-5F16BF9F7901}"
EndProject
Global
	GlobalSection(SolutionConfigurationPlatforms) = preSolution
		Debug|Any CPU = Debug|Any CPU
		Release|Any CPU = Release|Any CPU
	EndGlobalSection
	GlobalSection(ProjectConfigurationPlatforms) = postSolution
		{796C2DA0-E33B-4C31-A60A-5F16BF9F7901}.Debug|Any CPU.ActiveCfg = Debug|Any CPU
		{796C2DA0-E33B-4C31-A60A-5F16BF9F7901}.Debug|Any CPU.Build.0 = Debug|Any CPU
		{796C2DA0-E33B-4C31-A60A-5F16BF9F7901}.Release|Any CPU.ActiveCfg = Release|Any CPU
		{796C2DA0-E33B-4C31-A60A-5F16BF9F7901}.Release|Any CPU.Build.0 = Release|Any CPU
	EndGlobalSection
	GlobalSection(SolutionProperties) = preSolution
		HideSolutionNode = FALSE
	EndGlobalSection
	GlobalSection(ExtensibilityGlobals) = postSolution
		SolutionGuid = {5FF297F0-AA3E-491B-84CC-08913B79C401}
	EndGlobalSection
EndGlobal
